
Microsoft Visual Studio Solution File, Format Version 12.00
# Visual Studio Version 17
VisualStudioVersion = 17.7.34031.279
MinimumVisualStudioVersion = 10.0.40219.1
Project("{FAE04EC0-301F-11D3-BF4B-00C04F79EFBC}") = "TestAPI", "TestAPI.csproj", "{600CA33D-8CAC-4927-A96D-EDC1A85EE812}"
EndProject
Global
	GlobalSection(SolutionConfigurationPlatforms) = preSolution
		Debug|Any CPU = Debug|Any CPU
		Release|Any CPU = Release|Any CPU
	EndGlobalSection
	GlobalSection(ProjectConfigurationPlatforms) = postSolution
		{600CA33D-8CAC-4927-A96D-EDC1A85EE812}.Debug|Any CPU.ActiveCfg = Debug|Any CPU
		{600CA33D-8CAC-4927-A96D-EDC1A85EE812}.Debug|Any CPU.Build.0 = Debug|Any CPU
		{600CA33D-8CAC-4927-A96D-EDC1A85EE812}.Release|Any CPU.ActiveCfg = Release|Any CPU
		{600CA33D-8CAC-4927-A96D-EDC1A85EE812}.Release|Any CPU.Build.0 = Release|Any CPU
	EndGlobalSection
	GlobalSection(SolutionProperties) = preSolution
		HideSolutionNode = FALSE
	EndGlobalSection
	GlobalSection(ExtensibilityGlobals) = postSolution
		SolutionGuid = {C996EA1B-16C1-4C65-82EF-FE4F0188E516}
	EndGlobalSection
EndGlobal
